
Microsoft Visual Studio Solution File, Format Version 12.00
# Visual Studio Version 17
VisualStudioVersion = 17.2.32516.85
MinimumVisualStudioVersion = 10.0.40219.1
Project("{9A19103F-16F7-4668-BE54-9A1E7A4F7556}") = "Teste2", "Teste2\Teste2.csproj", "{49FE4CE0-9508-40BD-8CE4-31E9C8DDDAEE}"
EndProject
Project("{9A19103F-16F7-4668-BE54-9A1E7A4F7556}") = "Teste3", "Teste3\Teste3.csproj", "{FDCBC3FF-4AC5-4509-8DE0-4414E929F140}"
EndProject
Project("{9A19103F-16F7-4668-BE54-9A1E7A4F7556}") = "Teste4", "Teste4\Teste4.csproj", "{11B4C649-DFFC-4818-8042-E5E5089F883C}"
EndProject
Project("{9A19103F-16F7-4668-BE54-9A1E7A4F7556}") = "Teste5", "Teste5\Teste5.csproj", "{2CED07C8-AF27-461E-B74A-1CC8E796478C}"
EndProject
Project("{9A19103F-16F7-4668-BE54-9A1E7A4F7556}") = "Teste6", "Teste6\Teste6.csproj", "{C4B3F7D2-7B97-4CB7-A37B-2E7E00BC5DED}"
EndProject
Project("{9A19103F-16F7-4668-BE54-9A1E7A4F7556}") = "Teste7", "Teste7\Teste7.csproj", "{D5BD3CAE-487F-49B4-B421-EB422F637746}"
EndProject
Project("{9A19103F-16F7-4668-BE54-9A1E7A4F7556}") = "Teste8", "Teste8\Teste8.csproj", "{FB051FBA-519E-46AA-A517-DD3051626169}"
EndProject
Project("{9A19103F-16F7-4668-BE54-9A1E7A4F7556}") = "Teste9", "Teste9\Teste9.csproj", "{FD02ED74-892E-4088-89B7-038FA5FB8166}"
EndProject
Project("{9A19103F-16F7-4668-BE54-9A1E7A4F7556}") = "Teste10", "Teste10\Teste10.csproj", "{D6500A44-EE60-41DF-B110-BD2FA61B1F76}"
EndProject
Project("{FAE04EC0-301F-11D3-BF4B-00C04F79EFBC}") = "Teste11", "Teste11\Teste11.csproj", "{7A6CEC23-10A8-4207-A2CA-774BAC2CB8D8}"
EndProject
Project("{FAE04EC0-301F-11D3-BF4B-00C04F79EFBC}") = "Teste12", "Teste12\Teste12.csproj", "{54A57B01-E3B9-4F3D-AE07-F8A4852F2E59}"
EndProject
Project("{FAE04EC0-301F-11D3-BF4B-00C04F79EFBC}") = "Teste13", "Teste13\Teste13.csproj", "{84198AD7-9FE2-4515-BE9B-76D1C8C50C7C}"
EndProject
Project("{FAE04EC0-301F-11D3-BF4B-00C04F79EFBC}") = "Teste14", "Teste14\Teste14.csproj", "{AF9FF70A-4EAE-4909-9AF4-1AB79E258026}"
EndProject
Project("{FAE04EC0-301F-11D3-BF4B-00C04F79EFBC}") = "Teste15", "Teste15\Teste15.csproj", "{6C746606-FEEA-4087-BD23-1803D8C13805}"
EndProject
Project("{FAE04EC0-301F-11D3-BF4B-00C04F79EFBC}") = "Teste16", "Teste16\Teste16.csproj", "{BAE4B1B0-B893-4CFF-9D9E-6734623A130F}"
EndProject
Project("{FAE04EC0-301F-11D3-BF4B-00C04F79EFBC}") = "Teste17", "Teste17\Teste17.csproj", "{B4EF17D5-857C-4A09-BCDD-51D362AAD4B1}"
EndProject
Global
	GlobalSection(SolutionConfigurationPlatforms) = preSolution
		Debug|Any CPU = Debug|Any CPU
		Release|Any CPU = Release|Any CPU
	EndGlobalSection
	GlobalSection(ProjectConfigurationPlatforms) = postSolution
		{49FE4CE0-9508-40BD-8CE4-31E9C8DDDAEE}.Debug|Any CPU.ActiveCfg = Debug|Any CPU
		{49FE4CE0-9508-40BD-8CE4-31E9C8DDDAEE}.Debug|Any CPU.Build.0 = Debug|Any CPU
		{49FE4CE0-9508-40BD-8CE4-31E9C8DDDAEE}.Release|Any CPU.ActiveCfg = Release|Any CPU
		{49FE4CE0-9508-40BD-8CE4-31E9C8DDDAEE}.Release|Any CPU.Build.0 = Release|Any CPU
		{FDCBC3FF-4AC5-4509-8DE0-4414E929F140}.Debug|Any CPU.ActiveCfg = Debug|Any CPU
		{FDCBC3FF-4AC5-4509-8DE0-4414E929F140}.Debug|Any CPU.Build.0 = Debug|Any CPU
		{FDCBC3FF-4AC5-4509-8DE0-4414E929F140}.Release|Any CPU.ActiveCfg = Release|Any CPU
		{FDCBC3FF-4AC5-4509-8DE0-4414E929F140}.Release|Any CPU.Build.0 = Release|Any CPU
		{11B4C649-DFFC-4818-8042-E5E5089F883C}.Debug|Any CPU.ActiveCfg = Debug|Any CPU
		{11B4C649-DFFC-4818-8042-E5E5089F883C}.Debug|Any CPU.Build.0 = Debug|Any CPU
		{11B4C649-DFFC-4818-8042-E5E5089F883C}.Release|Any CPU.ActiveCfg = Release|Any CPU
		{11B4C649-DFFC-4818-8042-E5E5089F883C}.Release|Any CPU.Build.0 = Release|Any CPU
		{2CED07C8-AF27-461E-B74A-1CC8E796478C}.Debug|Any CPU.ActiveCfg = Debug|Any CPU
		{2CED07C8-AF27-461E-B74A-1CC8E796478C}.Debug|Any CPU.Build.0 = Debug|Any CPU
		{2CED07C8-AF27-461E-B74A-1CC8E796478C}.Release|Any CPU.ActiveCfg = Release|Any CPU
		{2CED07C8-AF27-461E-B74A-1CC8E796478C}.Release|Any CPU.Build.0 = Release|Any CPU
		{C4B3F7D2-7B97-4CB7-A37B-2E7E00BC5DED}.Debug|Any CPU.ActiveCfg = Debug|Any CPU
		{C4B3F7D2-7B97-4CB7-A37B-2E7E00BC5DED}.Debug|Any CPU.Build.0 = Debug|Any CPU
		{C4B3F7D2-7B97-4CB7-A37B-2E7E00BC5DED}.Release|Any CPU.ActiveCfg = Release|Any CPU
		{C4B3F7D2-7B97-4CB7-A37B-2E7E00BC5DED}.Release|Any CPU.Build.0 = Release|Any CPU
		{D5BD3CAE-487F-49B4-B421-EB422F637746}.Debug|Any CPU.ActiveCfg = Debug|Any CPU
		{D5BD3CAE-487F-49B4-B421-EB422F637746}.Debug|Any CPU.Build.0 = Debug|Any CPU
		{D5BD3CAE-487F-49B4-B421-EB422F637746}.Release|Any CPU.ActiveCfg = Release|Any CPU
		{D5BD3CAE-487F-49B4-B421-EB422F637746}.Release|Any CPU.Build.0 = Release|Any CPU
		{FB051FBA-519E-46AA-A517-DD3051626169}.Debug|Any CPU.ActiveCfg = Debug|Any CPU
		{FB051FBA-519E-46AA-A517-DD3051626169}.Debug|Any CPU.Build.0 = Debug|Any CPU
		{FB051FBA-519E-46AA-A517-DD3051626169}.Release|Any CPU.ActiveCfg = Release|Any CPU
		{FB051FBA-519E-46AA-A517-DD3051626169}.Release|Any CPU.Build.0 = Release|Any CPU
		{FD02ED74-892E-4088-89B7-038FA5FB8166}.Debug|Any CPU.ActiveCfg = Debug|Any CPU
		{FD02ED74-892E-4088-89B7-038FA5FB8166}.Debug|Any CPU.Build.0 = Debug|Any CPU
		{FD02ED74-892E-4088-89B7-038FA5FB8166}.Release|Any CPU.ActiveCfg = Release|Any CPU
		{FD02ED74-892E-4088-89B7-038FA5FB8166}.Release|Any CPU.Build.0 = Release|Any CPU
		{D6500A44-EE60-41DF-B110-BD2FA61B1F76}.Debug|Any CPU.ActiveCfg = Debug|Any CPU
		{D6500A44-EE60-41DF-B110-BD2FA61B1F76}.Debug|Any CPU.Build.0 = Debug|Any CPU
		{D6500A44-EE60-41DF-B110-BD2FA61B1F76}.Release|Any CPU.ActiveCfg = Release|Any CPU
		{D6500A44-EE60-41DF-B110-BD2FA61B1F76}.Release|Any CPU.Build.0 = Release|Any CPU
		{7A6CEC23-10A8-4207-A2CA-774BAC2CB8D8}.Debug|Any CPU.ActiveCfg = Debug|Any CPU
		{7A6CEC23-10A8-4207-A2CA-774BAC2CB8D8}.Debug|Any CPU.Build.0 = Debug|Any CPU
		{7A6CEC23-10A8-4207-A2CA-774BAC2CB8D8}.Release|Any CPU.ActiveCfg = Release|Any CPU
		{7A6CEC23-10A8-4207-A2CA-774BAC2CB8D8}.Release|Any CPU.Build.0 = Release|Any CPU
		{54A57B01-E3B9-4F3D-AE07-F8A4852F2E59}.Debug|Any CPU.ActiveCfg = Debug|Any CPU
		{54A57B01-E3B9-4F3D-AE07-F8A4852F2E59}.Debug|Any CPU.Build.0 = Debug|Any CPU
		{54A57B01-E3B9-4F3D-AE07-F8A4852F2E59}.Release|Any CPU.ActiveCfg = Release|Any CPU
		{54A57B01-E3B9-4F3D-AE07-F8A4852F2E59}.Release|Any CPU.Build.0 = Release|Any CPU
		{84198AD7-9FE2-4515-BE9B-76D1C8C50C7C}.Debug|Any CPU.ActiveCfg = Debug|Any CPU
		{84198AD7-9FE2-4515-BE9B-76D1C8C50C7C}.Debug|Any CPU.Build.0 = Debug|Any CPU
		{84198AD7-9FE2-4515-BE9B-76D1C8C50C7C}.Release|Any CPU.ActiveCfg = Release|Any CPU
		{84198AD7-9FE2-4515-BE9B-76D1C8C50C7C}.Release|Any CPU.Build.0 = Release|Any CPU
		{AF9FF70A-4EAE-4909-9AF4-1AB79E258026}.Debug|Any CPU.ActiveCfg = Debug|Any CPU
		{AF9FF70A-4EAE-4909-9AF4-1AB79E258026}.Debug|Any CPU.Build.0 = Debug|Any CPU
		{AF9FF70A-4EAE-4909-9AF4-1AB79E258026}.Release|Any CPU.ActiveCfg = Release|Any CPU
		{AF9FF70A-4EAE-4909-9AF4-1AB79E258026}.Release|Any CPU.Build.0 = Release|Any CPU
		{6C746606-FEEA-4087-BD23-1803D8C13805}.Debug|Any CPU.ActiveCfg = Debug|Any CPU
		{6C746606-FEEA-4087-BD23-1803D8C13805}.Debug|Any CPU.Build.0 = Debug|Any CPU
		{6C746606-FEEA-4087-BD23-1803D8C13805}.Release|Any CPU.ActiveCfg = Release|Any CPU
		{6C746606-FEEA-4087-BD23-1803D8C13805}.Release|Any CPU.Build.0 = Release|Any CPU
		{BAE4B1B0-B893-4CFF-9D9E-6734623A130F}.Debug|Any CPU.ActiveCfg = Debug|Any CPU
		{BAE4B1B0-B893-4CFF-9D9E-6734623A130F}.Debug|Any CPU.Build.0 = Debug|Any CPU
		{BAE4B1B0-B893-4CFF-9D9E-6734623A130F}.Release|Any CPU.ActiveCfg = Release|Any CPU
		{BAE4B1B0-B893-4CFF-9D9E-6734623A130F}.Release|Any CPU.Build.0 = Release|Any CPU
		{B4EF17D5-857C-4A09-BCDD-51D362AAD4B1}.Debug|Any CPU.ActiveCfg = Debug|Any CPU
		{B4EF17D5-857C-4A09-BCDD-51D362AAD4B1}.Debug|Any CPU.Build.0 = Debug|Any CPU
		{B4EF17D5-857C-4A09-BCDD-51D362AAD4B1}.Release|Any CPU.ActiveCfg = Release|Any CPU
		{B4EF17D5-857C-4A09-BCDD-51D362AAD4B1}.Release|Any CPU.Build.0 = Release|Any CPU
	EndGlobalSection
	GlobalSection(SolutionProperties) = preSolution
		HideSolutionNode = FALSE
	EndGlobalSection
	GlobalSection(ExtensibilityGlobals) = postSolution
		SolutionGuid = {B47AE263-09FC-4784-B470-A4758CCBDAB4}
	EndGlobalSection
EndGlobal
